{
  "nodes": {
    "appimage-file-beta": {
      "flake": false,
      "locked": {
        "narHash": "sha256-c0c1yjhpidpmSENSqWDD/J/l4fLQ8nm0ZUTBKO+VfsE=",
        "type": "file",
        "url": "https://github.com/zen-browser/desktop/releases/download/1.17.7b/zen-x86_64.AppImage"
      },
      "original": {
        "type": "file",
        "url": "https://github.com/zen-browser/desktop/releases/download/1.17.7b/zen-x86_64.AppImage"
      }
    },
    "nixpkgs": {
      "locked": {
        "lastModified": 1763622513,
        "narHash": "sha256-1jQnuyu82FpiSxowrF/iFK6Toh9BYprfDqfs4BB+19M=",
        "owner": "NixOS",
        "repo": "nixpkgs",
        "rev": "c58bc7f5459328e4afac201c5c4feb7c818d604b",
        "type": "github"
      },
      "original": {
        "owner": "NixOS",
        "ref": "nixos-25.05",
        "repo": "nixpkgs",
        "type": "github"
      }
    },
    "root": {
      "inputs": {
        "appimage-file-beta": "appimage-file-beta",
        "nixpkgs": "nixpkgs"
      }
    }
  },
  "root": "root",
  "version": 7
}
