{
  "nodes": {
    "appimage-file-beta": {
      "flake": false,
      "locked": {
        "narHash": "sha256-c0c1yjhpidpmSENSqWDD/J/l4fLQ8nm0ZUTBKO+VfsE=",
        "type": "file",
        "url": "https://github.com/zen-browser/desktop/releases/download/1.17.7b/zen-x86_64.AppImage"
      },
      "original": {
        "type": "file",
        "url": "https://github.com/zen-browser/desktop/releases/download/1.17.7b/zen-x86_64.AppImage"
      }
    },
    "nixpkgs": {
      "locked": {
        "lastModified": 1751274312,
        "narHash": "sha256-/bVBlRpECLVzjV19t5KMdMFWSwKLtb5RyXdjz3LJT+g=",
        "owner": "NixOS",
        "repo": "nixpkgs",
        "rev": "50ab793786d9de88ee30ec4e4c24fb4236fc2674",
        "type": "github"
      },
      "original": {
        "owner": "NixOS",
        "ref": "nixos-24.11",
        "repo": "nixpkgs",
        "type": "github"
      }
    },
    "root": {
      "inputs": {
        "appimage-file-beta": "appimage-file-beta",
        "nixpkgs": "nixpkgs"
      }
    }
  },
  "root": "root",
  "version": 7
}
